
Microsoft Visual Studio Solution File, Format Version 12.00
# Visual Studio Version 17
VisualStudioVersion = 17.3.32922.545
MinimumVisualStudioVersion = 10.0.40219.1
Project("{9A19103F-16F7-4668-BE54-9A1E7A4F7556}") = "TicketingSolution.Core.Test", "TicketingSolution.Core.Test\TicketingSolution.Core.Test.csproj", "{7941D413-1B56-43E5-A511-C40F8FD57F80}"
EndProject
Project("{9A19103F-16F7-4668-BE54-9A1E7A4F7556}") = "TicketingSolution.Core", "TicketingSolution.Core\TicketingSolution.Core.csproj", "{596E8B26-B8F7-41E4-A974-B2611220C7F8}"
EndProject
Project("{9A19103F-16F7-4668-BE54-9A1E7A4F7556}") = "TicketingSolution.Domain", "TicketingSolution.Domain\TicketingSolution.Domain.csproj", "{D2EAB2F7-1DBA-4CA8-85B2-2DCD8AB91240}"
EndProject
Project("{9A19103F-16F7-4668-BE54-9A1E7A4F7556}") = "TicketingSolution.Persistence", "TicketingSolution.Persistence\TicketingSolution.Persistence.csproj", "{2B908AEA-6856-46BD-840F-DB124FD13981}"
EndProject
Project("{9A19103F-16F7-4668-BE54-9A1E7A4F7556}") = "TicketingSolution.Persistence.Tests", "TicketingSolution.Persistence.Tests\TicketingSolution.Persistence.Tests.csproj", "{BE41633B-148F-412F-89D9-D690CEDFDCC3}"
EndProject
Project("{FAE04EC0-301F-11D3-BF4B-00C04F79EFBC}") = "TicketingSolution.API", "TicketingSolution.API\TicketingSolution.API.csproj", "{AF870D21-6F14-451E-BF5B-8C2B1A1694A5}"
EndProject
Project("{FAE04EC0-301F-11D3-BF4B-00C04F79EFBC}") = "TicketingSolution.API.Test", "TicketingSolution.API.Test\TicketingSolution.API.Test.csproj", "{6E0EF944-CD5C-4B83-A2A7-33EC2DC6AB17}"
EndProject
Global
	GlobalSection(SolutionConfigurationPlatforms) = preSolution
		Debug|Any CPU = Debug|Any CPU
		Release|Any CPU = Release|Any CPU
	EndGlobalSection
	GlobalSection(ProjectConfigurationPlatforms) = postSolution
		{7941D413-1B56-43E5-A511-C40F8FD57F80}.Debug|Any CPU.ActiveCfg = Debug|Any CPU
		{7941D413-1B56-43E5-A511-C40F8FD57F80}.Debug|Any CPU.Build.0 = Debug|Any CPU
		{7941D413-1B56-43E5-A511-C40F8FD57F80}.Release|Any CPU.ActiveCfg = Release|Any CPU
		{7941D413-1B56-43E5-A511-C40F8FD57F80}.Release|Any CPU.Build.0 = Release|Any CPU
		{596E8B26-B8F7-41E4-A974-B2611220C7F8}.Debug|Any CPU.ActiveCfg = Debug|Any CPU
		{596E8B26-B8F7-41E4-A974-B2611220C7F8}.Debug|Any CPU.Build.0 = Debug|Any CPU
		{596E8B26-B8F7-41E4-A974-B2611220C7F8}.Release|Any CPU.ActiveCfg = Release|Any CPU
		{596E8B26-B8F7-41E4-A974-B2611220C7F8}.Release|Any CPU.Build.0 = Release|Any CPU
		{D2EAB2F7-1DBA-4CA8-85B2-2DCD8AB91240}.Debug|Any CPU.ActiveCfg = Debug|Any CPU
		{D2EAB2F7-1DBA-4CA8-85B2-2DCD8AB91240}.Debug|Any CPU.Build.0 = Debug|Any CPU
		{D2EAB2F7-1DBA-4CA8-85B2-2DCD8AB91240}.Release|Any CPU.ActiveCfg = Release|Any CPU
		{D2EAB2F7-1DBA-4CA8-85B2-2DCD8AB91240}.Release|Any CPU.Build.0 = Release|Any CPU
		{2B908AEA-6856-46BD-840F-DB124FD13981}.Debug|Any CPU.ActiveCfg = Debug|Any CPU
		{2B908AEA-6856-46BD-840F-DB124FD13981}.Debug|Any CPU.Build.0 = Debug|Any CPU
		{2B908AEA-6856-46BD-840F-DB124FD13981}.Release|Any CPU.ActiveCfg = Release|Any CPU
		{2B908AEA-6856-46BD-840F-DB124FD13981}.Release|Any CPU.Build.0 = Release|Any CPU
		{BE41633B-148F-412F-89D9-D690CEDFDCC3}.Debug|Any CPU.ActiveCfg = Debug|Any CPU
		{BE41633B-148F-412F-89D9-D690CEDFDCC3}.Debug|Any CPU.Build.0 = Debug|Any CPU
		{BE41633B-148F-412F-89D9-D690CEDFDCC3}.Release|Any CPU.ActiveCfg = Release|Any CPU
		{BE41633B-148F-412F-89D9-D690CEDFDCC3}.Release|Any CPU.Build.0 = Release|Any CPU
		{AF870D21-6F14-451E-BF5B-8C2B1A1694A5}.Debug|Any CPU.ActiveCfg = Debug|Any CPU
		{AF870D21-6F14-451E-BF5B-8C2B1A1694A5}.Debug|Any CPU.Build.0 = Debug|Any CPU
		{AF870D21-6F14-451E-BF5B-8C2B1A1694A5}.Release|Any CPU.ActiveCfg = Release|Any CPU
		{AF870D21-6F14-451E-BF5B-8C2B1A1694A5}.Release|Any CPU.Build.0 = Release|Any CPU
		{6E0EF944-CD5C-4B83-A2A7-33EC2DC6AB17}.Debug|Any CPU.ActiveCfg = Debug|Any CPU
		{6E0EF944-CD5C-4B83-A2A7-33EC2DC6AB17}.Debug|Any CPU.Build.0 = Debug|Any CPU
		{6E0EF944-CD5C-4B83-A2A7-33EC2DC6AB17}.Release|Any CPU.ActiveCfg = Release|Any CPU
		{6E0EF944-CD5C-4B83-A2A7-33EC2DC6AB17}.Release|Any CPU.Build.0 = Release|Any CPU
	EndGlobalSection
	GlobalSection(SolutionProperties) = preSolution
		HideSolutionNode = FALSE
	EndGlobalSection
	GlobalSection(ExtensibilityGlobals) = postSolution
		SolutionGuid = {93D9953E-E6ED-4448-83AC-C78A5EFCFF85}
	EndGlobalSection
EndGlobal
